{
  "originHash" : "722971e7b89acd22d849f2208ab7ab7c632183ab38b2ce8b3257c65d3a97048d",
  "pins" : [
    {
      "identity" : "commander",
      "kind" : "remoteSourceControl",
      "location" : "https://github.com/steipete/Commander.git",
      "state" : {
        "revision" : "9e349575c8e3c6745e81fe19e5bb5efa01b078ce",
        "version" : "0.2.1"
      }
    }
  ],
  "version" : 3
}
